[0m[1mdata.azurerm_client_config.current: Reading...[0m[0m
[0m[1mdata.azurerm_client_config.current: Read complete after 0s [id=Y2xpZW50Q29uZmlncy9jbGllbnRJZD0wNGIwNzc5NS04ZGRiLTQ2MWEtYmJlZS0wMmY5ZTFiZjdiNDY7b2JqZWN0SWQ9ZjgyODVhOWMtMjlmZS00MjY1LTlmNmMtNmRjY2QyN2Y3ODk4O3N1YnNjcmlwdGlvbklkPTBmMzFjMTViLThiMTctNDI4YS04YjU2LTdhOTAyYTJlYzJkNzt0ZW5hbnRJZD1kNTYxZDVhZC1lYjJjLTQ3NzQtOTM5Yi0xZWFhOTk4ZmZkY2M=][0m
[0m[1mmodule.bitcoin-aks.azurerm_resource_group.bitcoin-rg: Refreshing state... [id=/subscriptions/0f31c15b-8b17-428a-8b56-7a902a2ec2d7/resourceGroups/aks-bitcoin-rg][0m
[0m[1mazurerm_container_registry.bitcoin_registry: Refreshing state... [id=/subscriptions/0f31c15b-8b17-428a-8b56-7a902a2ec2d7/resourceGroups/aks-bitcoin-rg/providers/Microsoft.ContainerRegistry/registries/bitcoinRegistry][0m
[0m[1mmodule.bitcoin-aks.azurerm_kubernetes_cluster.bitcoin-aks: Refreshing state... [id=/subscriptions/0f31c15b-8b17-428a-8b56-7a902a2ec2d7/resourceGroups/aks-bitcoin-rg/providers/Microsoft.ContainerService/managedClusters/aks-bitcoin-cluster][0m
[0m[1mazurerm_role_assignment.regestry_contributor: Refreshing state... [id=/subscriptions/0f31c15b-8b17-428a-8b56-7a902a2ec2d7/resourceGroups/aks-bitcoin-rg/providers/Microsoft.ContainerRegistry/registries/bitcoinRegistry/providers/Microsoft.Authorization/roleAssignments/653ead42-5abc-194c-6220-0166522115da][0m
[0m[1mmodule.bitcoin-aks.azurerm_role_assignment.aks_rbac_reader: Refreshing state... [id=/subscriptions/0f31c15b-8b17-428a-8b56-7a902a2ec2d7/resourceGroups/aks-bitcoin-rg/providers/Microsoft.ContainerService/managedClusters/aks-bitcoin-cluster/providers/Microsoft.Authorization/roleAssignments/8cd2f8d7-c929-52f7-0f08-d9bc5ced22be][0m
[0m[1mmodule.bitcoin-aks.azurerm_role_assignment.aks_cluster_admin: Refreshing state... [id=/subscriptions/0f31c15b-8b17-428a-8b56-7a902a2ec2d7/resourceGroups/aks-bitcoin-rg/providers/Microsoft.ContainerService/managedClusters/aks-bitcoin-cluster/providers/Microsoft.Authorization/roleAssignments/72a0ae4a-b482-bf7e-a299-9fb731b7c3c7][0m
[0m[1mmodule.bitcoin-aks.azurerm_role_assignment.aks_rbac_admin: Refreshing state... [id=/subscriptions/0f31c15b-8b17-428a-8b56-7a902a2ec2d7/resourceGroups/aks-bitcoin-rg/providers/Microsoft.ContainerService/managedClusters/aks-bitcoin-cluster/providers/Microsoft.Authorization/roleAssignments/9984cfb5-f276-5e06-be74-1c39912daea2][0m
[0m[1mazurerm_role_assignment.aks_cluster_admin: Refreshing state... [id=/subscriptions/0f31c15b-8b17-428a-8b56-7a902a2ec2d7/resourceGroups/aks-bitcoin-rg/providers/Microsoft.ContainerService/managedClusters/aks-bitcoin-cluster/providers/Microsoft.Authorization/roleAssignments/c1b59a0d-7d31-21b9-7de5-07c8958451c4][0m

Terraform used the selected providers to generate the following execution
plan. Resource actions are indicated with the following symbols:
  [32m+[0m create[0m

Terraform will perform the following actions:

[1m  # azurerm_role_assignment.aks_pull_acr[0m will be created
[0m  [32m+[0m[0m resource "azurerm_role_assignment" "aks_pull_acr" {
      [32m+[0m[0m id                               = (known after apply)
      [32m+[0m[0m name                             = (known after apply)
      [32m+[0m[0m principal_id                     = "e80ec340-6c33-4f47-a1ab-38698ce9cb3f"
      [32m+[0m[0m principal_type                   = (known after apply)
      [32m+[0m[0m role_definition_id               = (known after apply)
      [32m+[0m[0m role_definition_name             = "Contributor"
      [32m+[0m[0m scope                            = "/subscriptions/0f31c15b-8b17-428a-8b56-7a902a2ec2d7/resourceGroups/aks-bitcoin-rg/providers/Microsoft.ContainerRegistry/registries/bitcoinRegistry"
      [32m+[0m[0m skip_service_principal_aad_check = (known after apply)
    }

[1mPlan:[0m 1 to add, 0 to change, 0 to destroy.
[0m[0m[1mazurerm_role_assignment.aks_pull_acr: Creating...[0m[0m
[0m[1mazurerm_role_assignment.aks_pull_acr: Still creating... [10s elapsed][0m[0m
[0m[1mazurerm_role_assignment.aks_pull_acr: Still creating... [20s elapsed][0m[0m
[0m[1mazurerm_role_assignment.aks_pull_acr: Still creating... [30s elapsed][0m[0m
[0m[1mazurerm_role_assignment.aks_pull_acr: Still creating... [40s elapsed][0m[0m
[0m[1mazurerm_role_assignment.aks_pull_acr: Creation complete after 43s [id=/subscriptions/0f31c15b-8b17-428a-8b56-7a902a2ec2d7/resourceGroups/aks-bitcoin-rg/providers/Microsoft.ContainerRegistry/registries/bitcoinRegistry/providers/Microsoft.Authorization/roleAssignments/9f5961f8-a1eb-f291-f09f-879a08dab8d7][0m
[0m[1m[32m
Apply complete! Resources: 1 added, 0 changed, 0 destroyed.
[0m[0m[1m[32m
Outputs:

[0macr_login_server = "bitcoinregistry.azurecr.io"
acr_name = "bitcoinRegistry"
aks_cluster_id = "/subscriptions/0f31c15b-8b17-428a-8b56-7a902a2ec2d7/resourceGroups/aks-bitcoin-rg/providers/Microsoft.ContainerService/managedClusters/aks-bitcoin-cluster"
aks_cluster_name = "aks-bitcoin-cluster"
location = "eastus"
resource_group_id = "/subscriptions/0f31c15b-8b17-428a-8b56-7a902a2ec2d7/resourceGroups/aks-bitcoin-rg"
resource_group_name = "aks-bitcoin-rg"
